
Microsoft Visual Studio Solution File, Format Version 12.00
# Visual Studio Version 17
VisualStudioVersion = 17.9.34728.123
MinimumVisualStudioVersion = 10.0.40219.1
Project("{9092AA53-FB77-4645-B42D-1CCCA6BD08BD}") = "NodejsWebApp2", "NodejsWebApp2\NodejsWebApp2.njsproj", "{15B666FC-8BFD-4457-A0C8-89F83304F409}"
EndProject
Global
	GlobalSection(SolutionConfigurationPlatforms) = preSolution
		Debug|Any CPU = Debug|Any CPU
		Release|Any CPU = Release|Any CPU
	EndGlobalSection
	GlobalSection(ProjectConfigurationPlatforms) = postSolution
		{15B666FC-8BFD-4457-A0C8-89F83304F409}.Debug|Any CPU.ActiveCfg = Debug|Any CPU
		{15B666FC-8BFD-4457-A0C8-89F83304F409}.Debug|Any CPU.Build.0 = Debug|Any CPU
		{15B666FC-8BFD-4457-A0C8-89F83304F409}.Release|Any CPU.ActiveCfg = Release|Any CPU
		{15B666FC-8BFD-4457-A0C8-89F83304F409}.Release|Any CPU.Build.0 = Release|Any CPU
	EndGlobalSection
	GlobalSection(SolutionProperties) = preSolution
		HideSolutionNode = FALSE
	EndGlobalSection
	GlobalSection(ExtensibilityGlobals) = postSolution
		SolutionGuid = {5B62F834-B732-4E78-9659-39A6F871C8EC}
	EndGlobalSection
EndGlobal
